
Microsoft Visual Studio Solution File, Format Version 12.00
# Visual Studio 15
VisualStudioVersion = 15.0.28010.2046
MinimumVisualStudioVersion = 10.0.40219.1
Project("{8BC9CEB8-8B4A-11D0-8D11-00A0C91BC942}") = "lab_1", "lab_1\lab_1.vcxproj", "{F795994D-75FA-4508-A367-3B95240FFE48}"
EndProject
Project("{8BC9CEB8-8B4A-11D0-8D11-00A0C91BC942}") = "lab_2", "lab_2\lab_2.vcxproj", "{D643BD85-5796-48EA-9DB8-8D1D94B100F2}"
EndProject
Project("{8BC9CEB8-8B4A-11D0-8D11-00A0C91BC942}") = "lab_3", "lab_3\lab_3.vcxproj", "{589928DD-267A-4909-A62C-4F1A528FC988}"
EndProject
Project("{8BC9CEB8-8B4A-11D0-8D11-00A0C91BC942}") = "lab_3(buble)", "lab_3(buble)\lab_3(buble).vcxproj", "{5217D71E-4576-4E7C-9CF8-0F75DDE26741}"
EndProject
Project("{8BC9CEB8-8B4A-11D0-8D11-00A0C91BC942}") = "lab_3(cezar)", "lab_3(cezar)\lab_3(cezar).vcxproj", "{A9A7B6E4-B5BC-4EB0-AE38-4341313D99EC}"
EndProject
Project("{8BC9CEB8-8B4A-11D0-8D11-00A0C91BC942}") = "lab_4", "lab_4\lab_4.vcxproj", "{991575D2-924C-43D5-9471-2022B24F0C77}"
EndProject
Project("{8BC9CEB8-8B4A-11D0-8D11-00A0C91BC942}") = "lab_5", "lab 5\lab 5.vcxproj", "{5080F66E-4D8C-4C15-B84E-8289B7477A4F}"
EndProject
Project("{8BC9CEB8-8B4A-11D0-8D11-00A0C91BC942}") = "lab_6", "lab_6\lab_6.vcxproj", "{41934F22-FB3C-4E0D-B927-6B61D588620F}"
EndProject
Project("{8BC9CEB8-8B4A-11D0-8D11-00A0C91BC942}") = "lab_7", "..\..\..\Polythech_181-351_SemennikovKirill\lab7_1\lab7_1\lab7_1.vcxproj", "{9D4294E5-EFC2-445A-99DB-2E2F78A81641}"
EndProject
Project("{8BC9CEB8-8B4A-11D0-8D11-00A0C91BC942}") = "lab_8", "lab_8\lab_8.vcxproj", "{6A590866-B6B8-4BD9-8E73-8B6A8F376588}"
EndProject
Project("{8BC9CEB8-8B4A-11D0-8D11-00A0C91BC942}") = "lab_15", "lab_15\lab13.vcxproj", "{1070F6E6-3FF9-4CEF-BC72-20DD7D4FDA40}"
EndProject
Project("{8BC9CEB8-8B4A-11D0-8D11-00A0C91BC942}") = "lab_9", "lab 9\lab 7_3.vcxproj", "{3DD2A0A4-D2B6-42C0-9224-158E8A095AD8}"
EndProject
Project("{8BC9CEB8-8B4A-11D0-8D11-00A0C91BC942}") = "lab_10-13", "lab_10-13\lab_13.vcxproj", "{27872B5C-F03B-4FE9-A500-171377C00402}"
EndProject
Project("{8BC9CEB8-8B4A-11D0-8D11-00A0C91BC942}") = "lab_14", "opemssl\opemssl.vcxproj", "{D1F86DBD-B9D3-450F-B90E-1DE2577F561B}"
EndProject
Global
	GlobalSection(SolutionConfigurationPlatforms) = preSolution
		Debug|x64 = Debug|x64
		Debug|x86 = Debug|x86
		Release|x64 = Release|x64
		Release|x86 = Release|x86
	EndGlobalSection
	GlobalSection(ProjectConfigurationPlatforms) = postSolution
		{F795994D-75FA-4508-A367-3B95240FFE48}.Debug|x64.ActiveCfg = Debug|x64
		{F795994D-75FA-4508-A367-3B95240FFE48}.Debug|x64.Build.0 = Debug|x64
		{F795994D-75FA-4508-A367-3B95240FFE48}.Debug|x86.ActiveCfg = Debug|Win32
		{F795994D-75FA-4508-A367-3B95240FFE48}.Debug|x86.Build.0 = Debug|Win32
		{F795994D-75FA-4508-A367-3B95240FFE48}.Release|x64.ActiveCfg = Release|x64
		{F795994D-75FA-4508-A367-3B95240FFE48}.Release|x64.Build.0 = Release|x64
		{F795994D-75FA-4508-A367-3B95240FFE48}.Release|x86.ActiveCfg = Release|Win32
		{F795994D-75FA-4508-A367-3B95240FFE48}.Release|x86.Build.0 = Release|Win32
		{D643BD85-5796-48EA-9DB8-8D1D94B100F2}.Debug|x64.ActiveCfg = Debug|x64
		{D643BD85-5796-48EA-9DB8-8D1D94B100F2}.Debug|x64.Build.0 = Debug|x64
		{D643BD85-5796-48EA-9DB8-8D1D94B100F2}.Debug|x86.ActiveCfg = Debug|Win32
		{D643BD85-5796-48EA-9DB8-8D1D94B100F2}.Debug|x86.Build.0 = Debug|Win32
		{D643BD85-5796-48EA-9DB8-8D1D94B100F2}.Release|x64.ActiveCfg = Release|x64
		{D643BD85-5796-48EA-9DB8-8D1D94B100F2}.Release|x64.Build.0 = Release|x64
		{D643BD85-5796-48EA-9DB8-8D1D94B100F2}.Release|x86.ActiveCfg = Release|Win32
		{D643BD85-5796-48EA-9DB8-8D1D94B100F2}.Release|x86.Build.0 = Release|Win32
		{589928DD-267A-4909-A62C-4F1A528FC988}.Debug|x64.ActiveCfg = Debug|x64
		{589928DD-267A-4909-A62C-4F1A528FC988}.Debug|x64.Build.0 = Debug|x64
		{589928DD-267A-4909-A62C-4F1A528FC988}.Debug|x86.ActiveCfg = Debug|Win32
		{589928DD-267A-4909-A62C-4F1A528FC988}.Debug|x86.Build.0 = Debug|Win32
		{589928DD-267A-4909-A62C-4F1A528FC988}.Release|x64.ActiveCfg = Release|x64
		{589928DD-267A-4909-A62C-4F1A528FC988}.Release|x64.Build.0 = Release|x64
		{589928DD-267A-4909-A62C-4F1A528FC988}.Release|x86.ActiveCfg = Release|Win32
		{589928DD-267A-4909-A62C-4F1A528FC988}.Release|x86.Build.0 = Release|Win32
		{5217D71E-4576-4E7C-9CF8-0F75DDE26741}.Debug|x64.ActiveCfg = Debug|x64
		{5217D71E-4576-4E7C-9CF8-0F75DDE26741}.Debug|x64.Build.0 = Debug|x64
		{5217D71E-4576-4E7C-9CF8-0F75DDE26741}.Debug|x86.ActiveCfg = Debug|Win32
		{5217D71E-4576-4E7C-9CF8-0F75DDE26741}.Debug|x86.Build.0 = Debug|Win32
		{5217D71E-4576-4E7C-9CF8-0F75DDE26741}.Release|x64.ActiveCfg = Release|x64
		{5217D71E-4576-4E7C-9CF8-0F75DDE26741}.Release|x64.Build.0 = Release|x64
		{5217D71E-4576-4E7C-9CF8-0F75DDE26741}.Release|x86.ActiveCfg = Release|Win32
		{5217D71E-4576-4E7C-9CF8-0F75DDE26741}.Release|x86.Build.0 = Release|Win32
		{A9A7B6E4-B5BC-4EB0-AE38-4341313D99EC}.Debug|x64.ActiveCfg = Debug|x64
		{A9A7B6E4-B5BC-4EB0-AE38-4341313D99EC}.Debug|x64.Build.0 = Debug|x64
		{A9A7B6E4-B5BC-4EB0-AE38-4341313D99EC}.Debug|x86.ActiveCfg = Debug|Win32
		{A9A7B6E4-B5BC-4EB0-AE38-4341313D99EC}.Debug|x86.Build.0 = Debug|Win32
		{A9A7B6E4-B5BC-4EB0-AE38-4341313D99EC}.Release|x64.ActiveCfg = Release|x64
		{A9A7B6E4-B5BC-4EB0-AE38-4341313D99EC}.Release|x64.Build.0 = Release|x64
		{A9A7B6E4-B5BC-4EB0-AE38-4341313D99EC}.Release|x86.ActiveCfg = Release|Win32
		{A9A7B6E4-B5BC-4EB0-AE38-4341313D99EC}.Release|x86.Build.0 = Release|Win32
		{991575D2-924C-43D5-9471-2022B24F0C77}.Debug|x64.ActiveCfg = Debug|x64
		{991575D2-924C-43D5-9471-2022B24F0C77}.Debug|x64.Build.0 = Debug|x64
		{991575D2-924C-43D5-9471-2022B24F0C77}.Debug|x86.ActiveCfg = Debug|Win32
		{991575D2-924C-43D5-9471-2022B24F0C77}.Debug|x86.Build.0 = Debug|Win32
		{991575D2-924C-43D5-9471-2022B24F0C77}.Release|x64.ActiveCfg = Release|x64
		{991575D2-924C-43D5-9471-2022B24F0C77}.Release|x64.Build.0 = Release|x64
		{991575D2-924C-43D5-9471-2022B24F0C77}.Release|x86.ActiveCfg = Release|Win32
		{991575D2-924C-43D5-9471-2022B24F0C77}.Release|x86.Build.0 = Release|Win32
		{5080F66E-4D8C-4C15-B84E-8289B7477A4F}.Debug|x64.ActiveCfg = Debug|x64
		{5080F66E-4D8C-4C15-B84E-8289B7477A4F}.Debug|x64.Build.0 = Debug|x64
		{5080F66E-4D8C-4C15-B84E-8289B7477A4F}.Debug|x86.ActiveCfg = Debug|Win32
		{5080F66E-4D8C-4C15-B84E-8289B7477A4F}.Debug|x86.Build.0 = Debug|Win32
		{5080F66E-4D8C-4C15-B84E-8289B7477A4F}.Release|x64.ActiveCfg = Release|x64
		{5080F66E-4D8C-4C15-B84E-8289B7477A4F}.Release|x64.Build.0 = Release|x64
		{5080F66E-4D8C-4C15-B84E-8289B7477A4F}.Release|x86.ActiveCfg = Release|Win32
		{5080F66E-4D8C-4C15-B84E-8289B7477A4F}.Release|x86.Build.0 = Release|Win32
		{41934F22-FB3C-4E0D-B927-6B61D588620F}.Debug|x64.ActiveCfg = Debug|x64
		{41934F22-FB3C-4E0D-B927-6B61D588620F}.Debug|x64.Build.0 = Debug|x64
		{41934F22-FB3C-4E0D-B927-6B61D588620F}.Debug|x86.ActiveCfg = Debug|Win32
		{41934F22-FB3C-4E0D-B927-6B61D588620F}.Debug|x86.Build.0 = Debug|Win32
		{41934F22-FB3C-4E0D-B927-6B61D588620F}.Release|x64.ActiveCfg = Release|x64
		{41934F22-FB3C-4E0D-B927-6B61D588620F}.Release|x64.Build.0 = Release|x64
		{41934F22-FB3C-4E0D-B927-6B61D588620F}.Release|x86.ActiveCfg = Release|Win32
		{41934F22-FB3C-4E0D-B927-6B61D588620F}.Release|x86.Build.0 = Release|Win32
		{9D4294E5-EFC2-445A-99DB-2E2F78A81641}.Debug|x64.ActiveCfg = Debug|x64
		{9D4294E5-EFC2-445A-99DB-2E2F78A81641}.Debug|x64.Build.0 = Debug|x64
		{9D4294E5-EFC2-445A-99DB-2E2F78A81641}.Debug|x86.ActiveCfg = Debug|Win32
		{9D4294E5-EFC2-445A-99DB-2E2F78A81641}.Debug|x86.Build.0 = Debug|Win32
		{9D4294E5-EFC2-445A-99DB-2E2F78A81641}.Release|x64.ActiveCfg = Release|x64
		{9D4294E5-EFC2-445A-99DB-2E2F78A81641}.Release|x64.Build.0 = Release|x64
		{9D4294E5-EFC2-445A-99DB-2E2F78A81641}.Release|x86.ActiveCfg = Release|Win32
		{9D4294E5-EFC2-445A-99DB-2E2F78A81641}.Release|x86.Build.0 = Release|Win32
		{6A590866-B6B8-4BD9-8E73-8B6A8F376588}.Debug|x64.ActiveCfg = Debug|x64
		{6A590866-B6B8-4BD9-8E73-8B6A8F376588}.Debug|x64.Build.0 = Debug|x64
		{6A590866-B6B8-4BD9-8E73-8B6A8F376588}.Debug|x86.ActiveCfg = Debug|Win32
		{6A590866-B6B8-4BD9-8E73-8B6A8F376588}.Debug|x86.Build.0 = Debug|Win32
		{6A590866-B6B8-4BD9-8E73-8B6A8F376588}.Release|x64.ActiveCfg = Release|x64
		{6A590866-B6B8-4BD9-8E73-8B6A8F376588}.Release|x64.Build.0 = Release|x64
		{6A590866-B6B8-4BD9-8E73-8B6A8F376588}.Release|x86.ActiveCfg = Release|Win32
		{6A590866-B6B8-4BD9-8E73-8B6A8F376588}.Release|x86.Build.0 = Release|Win32
		{1070F6E6-3FF9-4CEF-BC72-20DD7D4FDA40}.Debug|x64.ActiveCfg = Debug|x64
		{1070F6E6-3FF9-4CEF-BC72-20DD7D4FDA40}.Debug|x64.Build.0 = Debug|x64
		{1070F6E6-3FF9-4CEF-BC72-20DD7D4FDA40}.Debug|x86.ActiveCfg = Debug|Win32
		{1070F6E6-3FF9-4CEF-BC72-20DD7D4FDA40}.Debug|x86.Build.0 = Debug|Win32
		{1070F6E6-3FF9-4CEF-BC72-20DD7D4FDA40}.Release|x64.ActiveCfg = Release|x64
		{1070F6E6-3FF9-4CEF-BC72-20DD7D4FDA40}.Release|x64.Build.0 = Release|x64
		{1070F6E6-3FF9-4CEF-BC72-20DD7D4FDA40}.Release|x86.ActiveCfg = Release|Win32
		{1070F6E6-3FF9-4CEF-BC72-20DD7D4FDA40}.Release|x86.Build.0 = Release|Win32
		{3DD2A0A4-D2B6-42C0-9224-158E8A095AD8}.Debug|x64.ActiveCfg = Debug|x64
		{3DD2A0A4-D2B6-42C0-9224-158E8A095AD8}.Debug|x64.Build.0 = Debug|x64
		{3DD2A0A4-D2B6-42C0-9224-158E8A095AD8}.Debug|x86.ActiveCfg = Debug|Win32
		{3DD2A0A4-D2B6-42C0-9224-158E8A095AD8}.Debug|x86.Build.0 = Debug|Win32
		{3DD2A0A4-D2B6-42C0-9224-158E8A095AD8}.Release|x64.ActiveCfg = Release|x64
		{3DD2A0A4-D2B6-42C0-9224-158E8A095AD8}.Release|x64.Build.0 = Release|x64
		{3DD2A0A4-D2B6-42C0-9224-158E8A095AD8}.Release|x86.ActiveCfg = Release|Win32
		{3DD2A0A4-D2B6-42C0-9224-158E8A095AD8}.Release|x86.Build.0 = Release|Win32
		{27872B5C-F03B-4FE9-A500-171377C00402}.Debug|x64.ActiveCfg = Debug|x64
		{27872B5C-F03B-4FE9-A500-171377C00402}.Debug|x64.Build.0 = Debug|x64
		{27872B5C-F03B-4FE9-A500-171377C00402}.Debug|x86.ActiveCfg = Debug|Win32
		{27872B5C-F03B-4FE9-A500-171377C00402}.Debug|x86.Build.0 = Debug|Win32
		{27872B5C-F03B-4FE9-A500-171377C00402}.Release|x64.ActiveCfg = Release|x64
		{27872B5C-F03B-4FE9-A500-171377C00402}.Release|x64.Build.0 = Release|x64
		{27872B5C-F03B-4FE9-A500-171377C00402}.Release|x86.ActiveCfg = Release|Win32
		{27872B5C-F03B-4FE9-A500-171377C00402}.Release|x86.Build.0 = Release|Win32
		{D1F86DBD-B9D3-450F-B90E-1DE2577F561B}.Debug|x64.ActiveCfg = Debug|x64
		{D1F86DBD-B9D3-450F-B90E-1DE2577F561B}.Debug|x64.Build.0 = Debug|x64
		{D1F86DBD-B9D3-450F-B90E-1DE2577F561B}.Debug|x86.ActiveCfg = Debug|Win32
		{D1F86DBD-B9D3-450F-B90E-1DE2577F561B}.Debug|x86.Build.0 = Debug|Win32
		{D1F86DBD-B9D3-450F-B90E-1DE2577F561B}.Release|x64.ActiveCfg = Release|x64
		{D1F86DBD-B9D3-450F-B90E-1DE2577F561B}.Release|x64.Build.0 = Release|x64
		{D1F86DBD-B9D3-450F-B90E-1DE2577F561B}.Release|x86.ActiveCfg = Release|Win32
		{D1F86DBD-B9D3-450F-B90E-1DE2577F561B}.Release|x86.Build.0 = Release|Win32
	EndGlobalSection
	GlobalSection(SolutionProperties) = preSolution
		HideSolutionNode = FALSE
	EndGlobalSection
	GlobalSection(ExtensibilityGlobals) = postSolution
		SolutionGuid = {87329A15-F0B4-4778-8B63-49417AF5B388}
	EndGlobalSection
EndGlobal
